
Microsoft Visual Studio Solution File, Format Version 12.00
# Visual Studio Version 17
VisualStudioVersion = 17.0.32112.339
MinimumVisualStudioVersion = 10.0.40219.1
Project("{FAE04EC0-301F-11D3-BF4B-00C04F79EFBC}") = "Game", "Game.csproj", "{DCEF2C82-6157-4638-A4B1-8D01AA48D314}"
EndProject
Global
	GlobalSection(SolutionConfigurationPlatforms) = preSolution
		Debug|Any CPU = Debug|Any CPU
		Release|Any CPU = Release|Any CPU
	EndGlobalSection
	GlobalSection(ProjectConfigurationPlatforms) = postSolution
		{DCEF2C82-6157-4638-A4B1-8D01AA48D314}.Debug|Any CPU.ActiveCfg = Debug|Any CPU
		{DCEF2C82-6157-4638-A4B1-8D01AA48D314}.Debug|Any CPU.Build.0 = Debug|Any CPU
		{DCEF2C82-6157-4638-A4B1-8D01AA48D314}.Release|Any CPU.ActiveCfg = Release|Any CPU
		{DCEF2C82-6157-4638-A4B1-8D01AA48D314}.Release|Any CPU.Build.0 = Release|Any CPU
	EndGlobalSection
	GlobalSection(SolutionProperties) = preSolution
		HideSolutionNode = FALSE
	EndGlobalSection
	GlobalSection(ExtensibilityGlobals) = postSolution
		SolutionGuid = {1077F2B1-2D47-48DB-8E53-A86E628DB654}
	EndGlobalSection
EndGlobal
